
Microsoft Visual Studio Solution File, Format Version 12.00
# Visual Studio Version 17
VisualStudioVersion = 17.7.34024.191
MinimumVisualStudioVersion = 10.0.40219.1
Project("{FAE04EC0-301F-11D3-BF4B-00C04F79EFBC}") = "GUI", "DoAnQLNhaHang\GUI.csproj", "{D13D20C1-AFD8-4E1A-BA8F-33D9B7FA2EBC}"
EndProject
Project("{FAE04EC0-301F-11D3-BF4B-00C04F79EFBC}") = "DAL", "DAL\DAL.csproj", "{BE666D34-21FE-4586-8C8B-04E91EE0CF8F}"
EndProject
Project("{FAE04EC0-301F-11D3-BF4B-00C04F79EFBC}") = "BUS", "BUS\BUS.csproj", "{C9D52436-F7E9-4574-B996-F3CFC8701B3E}"
EndProject
Project("{FAE04EC0-301F-11D3-BF4B-00C04F79EFBC}") = "ET", "ET\ET.csproj", "{2609F9DE-9DEB-4C79-B786-721A26999D1C}"
EndProject
Global
	GlobalSection(SolutionConfigurationPlatforms) = preSolution
		Debug|Any CPU = Debug|Any CPU
		Release|Any CPU = Release|Any CPU
	EndGlobalSection
	GlobalSection(ProjectConfigurationPlatforms) = postSolution
		{D13D20C1-AFD8-4E1A-BA8F-33D9B7FA2EBC}.Debug|Any CPU.ActiveCfg = Debug|Any CPU
		{D13D20C1-AFD8-4E1A-BA8F-33D9B7FA2EBC}.Debug|Any CPU.Build.0 = Debug|Any CPU
		{D13D20C1-AFD8-4E1A-BA8F-33D9B7FA2EBC}.Release|Any CPU.ActiveCfg = Release|Any CPU
		{D13D20C1-AFD8-4E1A-BA8F-33D9B7FA2EBC}.Release|Any CPU.Build.0 = Release|Any CPU
		{BE666D34-21FE-4586-8C8B-04E91EE0CF8F}.Debug|Any CPU.ActiveCfg = Debug|Any CPU
		{BE666D34-21FE-4586-8C8B-04E91EE0CF8F}.Debug|Any CPU.Build.0 = Debug|Any CPU
		{BE666D34-21FE-4586-8C8B-04E91EE0CF8F}.Release|Any CPU.ActiveCfg = Release|Any CPU
		{BE666D34-21FE-4586-8C8B-04E91EE0CF8F}.Release|Any CPU.Build.0 = Release|Any CPU
		{C9D52436-F7E9-4574-B996-F3CFC8701B3E}.Debug|Any CPU.ActiveCfg = Debug|Any CPU
		{C9D52436-F7E9-4574-B996-F3CFC8701B3E}.Debug|Any CPU.Build.0 = Debug|Any CPU
		{C9D52436-F7E9-4574-B996-F3CFC8701B3E}.Release|Any CPU.ActiveCfg = Release|Any CPU
		{C9D52436-F7E9-4574-B996-F3CFC8701B3E}.Release|Any CPU.Build.0 = Release|Any CPU
		{2609F9DE-9DEB-4C79-B786-721A26999D1C}.Debug|Any CPU.ActiveCfg = Debug|Any CPU
		{2609F9DE-9DEB-4C79-B786-721A26999D1C}.Debug|Any CPU.Build.0 = Debug|Any CPU
		{2609F9DE-9DEB-4C79-B786-721A26999D1C}.Release|Any CPU.ActiveCfg = Release|Any CPU
		{2609F9DE-9DEB-4C79-B786-721A26999D1C}.Release|Any CPU.Build.0 = Release|Any CPU
	EndGlobalSection
	GlobalSection(SolutionProperties) = preSolution
		HideSolutionNode = FALSE
	EndGlobalSection
	GlobalSection(ExtensibilityGlobals) = postSolution
		SolutionGuid = {D7FC8633-4CC9-4037-AAC9-32F576F6C80F}
	EndGlobalSection
EndGlobal
